
Microsoft Visual Studio Solution File, Format Version 12.00
# Visual Studio Version 17
VisualStudioVersion = 17.6.33829.357
MinimumVisualStudioVersion = 10.0.40219.1
Project("{9A19103F-16F7-4668-BE54-9A1E7A4F7556}") = "WebApplication1", "WebApplication1\WebApplication1.csproj", "{061AD8A4-2E23-4481-BCBA-163D68917A01}"
EndProject
Global
	GlobalSection(SolutionConfigurationPlatforms) = preSolution
		Debug|Any CPU = Debug|Any CPU
		Release|Any CPU = Release|Any CPU
	EndGlobalSection
	GlobalSection(ProjectConfigurationPlatforms) = postSolution
		{061AD8A4-2E23-4481-BCBA-163D68917A01}.Debug|Any CPU.ActiveCfg = Debug|Any CPU
		{061AD8A4-2E23-4481-BCBA-163D68917A01}.Debug|Any CPU.Build.0 = Debug|Any CPU
		{061AD8A4-2E23-4481-BCBA-163D68917A01}.Release|Any CPU.ActiveCfg = Release|Any CPU
		{061AD8A4-2E23-4481-BCBA-163D68917A01}.Release|Any CPU.Build.0 = Release|Any CPU
	EndGlobalSection
	GlobalSection(SolutionProperties) = preSolution
		HideSolutionNode = FALSE
	EndGlobalSection
	GlobalSection(ExtensibilityGlobals) = postSolution
		SolutionGuid = {D0C822D0-574E-4C47-BC90-28219D4DDEC6}
	EndGlobalSection
EndGlobal
